
Microsoft Visual Studio Solution File, Format Version 12.00
# Visual Studio Version 16
VisualStudioVersion = 16.0.31321.278
MinimumVisualStudioVersion = 10.0.40219.1
Project("{FAE04EC0-301F-11D3-BF4B-00C04F79EFBC}") = "NguyenMinhTrong_59", "NguyenMinhTrong_59\NguyenMinhTrong_59.csproj", "{B1B8E167-A812-481D-8F69-DEEEE83BF772}"
EndProject
Global
	GlobalSection(SolutionConfigurationPlatforms) = preSolution
		Debug|Any CPU = Debug|Any CPU
		Release|Any CPU = Release|Any CPU
	EndGlobalSection
	GlobalSection(ProjectConfigurationPlatforms) = postSolution
		{B1B8E167-A812-481D-8F69-DEEEE83BF772}.Debug|Any CPU.ActiveCfg = Debug|Any CPU
		{B1B8E167-A812-481D-8F69-DEEEE83BF772}.Debug|Any CPU.Build.0 = Debug|Any CPU
		{B1B8E167-A812-481D-8F69-DEEEE83BF772}.Release|Any CPU.ActiveCfg = Release|Any CPU
		{B1B8E167-A812-481D-8F69-DEEEE83BF772}.Release|Any CPU.Build.0 = Release|Any CPU
	EndGlobalSection
	GlobalSection(SolutionProperties) = preSolution
		HideSolutionNode = FALSE
	EndGlobalSection
	GlobalSection(ExtensibilityGlobals) = postSolution
		SolutionGuid = {3E068779-ECDD-4323-B771-CAF132C5B1CC}
	EndGlobalSection
EndGlobal
